
Microsoft Visual Studio Solution File, Format Version 12.00
# Visual Studio 15
VisualStudioVersion = 15.0.27703.2047
MinimumVisualStudioVersion = 10.0.40219.1
Project("{FAE04EC0-301F-11D3-BF4B-00C04F79EFBC}") = "Sandbox.Android", "Sandbox\Sandbox.Android\Sandbox.Android.csproj", "{D5824108-4509-441B-A43D-D503CA2763EE}"
EndProject
Project("{FAE04EC0-301F-11D3-BF4B-00C04F79EFBC}") = "Sandbox.iOS", "Sandbox\Sandbox.iOS\Sandbox.iOS.csproj", "{40528F71-FFBB-4F9E-AB9E-424F77534CD2}"
EndProject
Project("{FAE04EC0-301F-11D3-BF4B-00C04F79EFBC}") = "Sandbox.UWP", "Sandbox\Sandbox.UWP\Sandbox.UWP.csproj", "{0A14D821-68BC-43EC-AB47-2A731862BD55}"
EndProject
Project("{FAE04EC0-301F-11D3-BF4B-00C04F79EFBC}") = "Sandbox", "Sandbox\Sandbox\Sandbox.csproj", "{3011E611-FA2A-4971-A5DD-B61D7D4AF30D}"
EndProject
Global
	GlobalSection(SolutionConfigurationPlatforms) = preSolution
		Ad-Hoc|Any CPU = Ad-Hoc|Any CPU
		Ad-Hoc|ARM = Ad-Hoc|ARM
		Ad-Hoc|iPhone = Ad-Hoc|iPhone
		Ad-Hoc|iPhoneSimulator = Ad-Hoc|iPhoneSimulator
		Ad-Hoc|x64 = Ad-Hoc|x64
		Ad-Hoc|x86 = Ad-Hoc|x86
		AppStore|Any CPU = AppStore|Any CPU
		AppStore|ARM = AppStore|ARM
		AppStore|iPhone = AppStore|iPhone
		AppStore|iPhoneSimulator = AppStore|iPhoneSimulator
		AppStore|x64 = AppStore|x64
		AppStore|x86 = AppStore|x86
		Debug|Any CPU = Debug|Any CPU
		Debug|ARM = Debug|ARM
		Debug|iPhone = Debug|iPhone
		Debug|iPhoneSimulator = Debug|iPhoneSimulator
		Debug|x64 = Debug|x64
		Debug|x86 = Debug|x86
		Release|Any CPU = Release|Any CPU
		Release|ARM = Release|ARM
		Release|iPhone = Release|iPhone
		Release|iPhoneSimulator = Release|iPhoneSimulator
		Release|x64 = Release|x64
		Release|x86 = Release|x86
	EndGlobalSection
	GlobalSection(ProjectConfigurationPlatforms) = postSolution
		{D5824108-4509-441B-A43D-D503CA2763EE}.Ad-Hoc|Any CPU.ActiveCfg = Release|Any CPU
		{D5824108-4509-441B-A43D-D503CA2763EE}.Ad-Hoc|Any CPU.Build.0 = Release|Any CPU
		{D5824108-4509-441B-A43D-D503CA2763EE}.Ad-Hoc|Any CPU.Deploy.0 = Release|Any CPU
		{D5824108-4509-441B-A43D-D503CA2763EE}.Ad-Hoc|ARM.ActiveCfg = Release|Any CPU
		{D5824108-4509-441B-A43D-D503CA2763EE}.Ad-Hoc|ARM.Build.0 = Release|Any CPU
		{D5824108-4509-441B-A43D-D503CA2763EE}.Ad-Hoc|ARM.Deploy.0 = Release|Any CPU
		{D5824108-4509-441B-A43D-D503CA2763EE}.Ad-Hoc|iPhone.ActiveCfg = Release|Any CPU
		{D5824108-4509-441B-A43D-D503CA2763EE}.Ad-Hoc|iPhone.Build.0 = Release|Any CPU
		{D5824108-4509-441B-A43D-D503CA2763EE}.Ad-Hoc|iPhone.Deploy.0 = Release|Any CPU
		{D5824108-4509-441B-A43D-D503CA2763EE}.Ad-Hoc|iPhoneSimulator.ActiveCfg = Release|Any CPU
		{D5824108-4509-441B-A43D-D503CA2763EE}.Ad-Hoc|iPhoneSimulator.Build.0 = Release|Any CPU
		{D5824108-4509-441B-A43D-D503CA2763EE}.Ad-Hoc|iPhoneSimulator.Deploy.0 = Release|Any CPU
		{D5824108-4509-441B-A43D-D503CA2763EE}.Ad-Hoc|x64.ActiveCfg = Release|Any CPU
		{D5824108-4509-441B-A43D-D503CA2763EE}.Ad-Hoc|x64.Build.0 = Release|Any CPU
		{D5824108-4509-441B-A43D-D503CA2763EE}.Ad-Hoc|x64.Deploy.0 = Release|Any CPU
		{D5824108-4509-441B-A43D-D503CA2763EE}.Ad-Hoc|x86.ActiveCfg = Release|Any CPU
		{D5824108-4509-441B-A43D-D503CA2763EE}.Ad-Hoc|x86.Build.0 = Release|Any CPU
		{D5824108-4509-441B-A43D-D503CA2763EE}.Ad-Hoc|x86.Deploy.0 = Release|Any CPU
		{D5824108-4509-441B-A43D-D503CA2763EE}.AppStore|Any CPU.ActiveCfg = Release|Any CPU
		{D5824108-4509-441B-A43D-D503CA2763EE}.AppStore|Any CPU.Build.0 = Release|Any CPU
		{D5824108-4509-441B-A43D-D503CA2763EE}.AppStore|Any CPU.Deploy.0 = Release|Any CPU
		{D5824108-4509-441B-A43D-D503CA2763EE}.AppStore|ARM.ActiveCfg = Release|Any CPU
		{D5824108-4509-441B-A43D-D503CA2763EE}.AppStore|ARM.Build.0 = Release|Any CPU
		{D5824108-4509-441B-A43D-D503CA2763EE}.AppStore|ARM.Deploy.0 = Release|Any CPU
		{D5824108-4509-441B-A43D-D503CA2763EE}.AppStore|iPhone.ActiveCfg = Release|Any CPU
		{D5824108-4509-441B-A43D-D503CA2763EE}.AppStore|iPhone.Build.0 = Release|Any CPU
		{D5824108-4509-441B-A43D-D503CA2763EE}.AppStore|iPhone.Deploy.0 = Release|Any CPU
		{D5824108-4509-441B-A43D-D503CA2763EE}.AppStore|iPhoneSimulator.ActiveCfg = Release|Any CPU
		{D5824108-4509-441B-A43D-D503CA2763EE}.AppStore|iPhoneSimulator.Build.0 = Release|Any CPU
		{D5824108-4509-441B-A43D-D503CA2763EE}.AppStore|iPhoneSimulator.Deploy.0 = Release|Any CPU
		{D5824108-4509-441B-A43D-D503CA2763EE}.AppStore|x64.ActiveCfg = Release|Any CPU
		{D5824108-4509-441B-A43D-D503CA2763EE}.AppStore|x64.Build.0 = Release|Any CPU
		{D5824108-4509-441B-A43D-D503CA2763EE}.AppStore|x64.Deploy.0 = Release|Any CPU
		{D5824108-4509-441B-A43D-D503CA2763EE}.AppStore|x86.ActiveCfg = Release|Any CPU
		{D5824108-4509-441B-A43D-D503CA2763EE}.AppStore|x86.Build.0 = Release|Any CPU
		{D5824108-4509-441B-A43D-D503CA2763EE}.AppStore|x86.Deploy.0 = Release|Any CPU
		{D5824108-4509-441B-A43D-D503CA2763EE}.Debug|Any CPU.ActiveCfg = Debug|Any CPU
		{D5824108-4509-441B-A43D-D503CA2763EE}.Debug|Any CPU.Build.0 = Debug|Any CPU
		{D5824108-4509-441B-A43D-D503CA2763EE}.Debug|Any CPU.Deploy.0 = Debug|Any CPU
		{D5824108-4509-441B-A43D-D503CA2763EE}.Debug|ARM.ActiveCfg = Debug|Any CPU
		{D5824108-4509-441B-A43D-D503CA2763EE}.Debug|ARM.Build.0 = Debug|Any CPU
		{D5824108-4509-441B-A43D-D503CA2763EE}.Debug|ARM.Deploy.0 = Debug|Any CPU
		{D5824108-4509-441B-A43D-D503CA2763EE}.Debug|iPhone.ActiveCfg = Debug|Any CPU
		{D5824108-4509-441B-A43D-D503CA2763EE}.Debug|iPhone.Build.0 = Debug|Any CPU
		{D5824108-4509-441B-A43D-D503CA2763EE}.Debug|iPhone.Deploy.0 = Debug|Any CPU
		{D5824108-4509-441B-A43D-D503CA2763EE}.Debug|iPhoneSimulator.ActiveCfg = Debug|Any CPU
		{D5824108-4509-441B-A43D-D503CA2763EE}.Debug|iPhoneSimulator.Build.0 = Debug|Any CPU
		{D5824108-4509-441B-A43D-D503CA2763EE}.Debug|iPhoneSimulator.Deploy.0 = Debug|Any CPU
		{D5824108-4509-441B-A43D-D503CA2763EE}.Debug|x64.ActiveCfg = Debug|Any CPU
		{D5824108-4509-441B-A43D-D503CA2763EE}.Debug|x64.Build.0 = Debug|Any CPU
		{D5824108-4509-441B-A43D-D503CA2763EE}.Debug|x64.Deploy.0 = Debug|Any CPU
		{D5824108-4509-441B-A43D-D503CA2763EE}.Debug|x86.ActiveCfg = Debug|Any CPU
		{D5824108-4509-441B-A43D-D503CA2763EE}.Debug|x86.Build.0 = Debug|Any CPU
		{D5824108-4509-441B-A43D-D503CA2763EE}.Debug|x86.Deploy.0 = Debug|Any CPU
		{D5824108-4509-441B-A43D-D503CA2763EE}.Release|Any CPU.ActiveCfg = Release|Any CPU
		{D5824108-4509-441B-A43D-D503CA2763EE}.Release|Any CPU.Build.0 = Release|Any CPU
		{D5824108-4509-441B-A43D-D503CA2763EE}.Release|Any CPU.Deploy.0 = Release|Any CPU
		{D5824108-4509-441B-A43D-D503CA2763EE}.Release|ARM.ActiveCfg = Release|Any CPU
		{D5824108-4509-441B-A43D-D503CA2763EE}.Release|ARM.Build.0 = Release|Any CPU
		{D5824108-4509-441B-A43D-D503CA2763EE}.Release|ARM.Deploy.0 = Release|Any CPU
		{D5824108-4509-441B-A43D-D503CA2763EE}.Release|iPhone.ActiveCfg = Release|Any CPU
		{D5824108-4509-441B-A43D-D503CA2763EE}.Release|iPhone.Build.0 = Release|Any CPU
		{D5824108-4509-441B-A43D-D503CA2763EE}.Release|iPhone.Deploy.0 = Release|Any CPU
		{D5824108-4509-441B-A43D-D503CA2763EE}.Release|iPhoneSimulator.ActiveCfg = Release|Any CPU
		{D5824108-4509-441B-A43D-D503CA2763EE}.Release|iPhoneSimulator.Build.0 = Release|Any CPU
		{D5824108-4509-441B-A43D-D503CA2763EE}.Release|iPhoneSimulator.Deploy.0 = Release|Any CPU
		{D5824108-4509-441B-A43D-D503CA2763EE}.Release|x64.ActiveCfg = Release|Any CPU
		{D5824108-4509-441B-A43D-D503CA2763EE}.Release|x64.Build.0 = Release|Any CPU
		{D5824108-4509-441B-A43D-D503CA2763EE}.Release|x64.Deploy.0 = Release|Any CPU
		{D5824108-4509-441B-A43D-D503CA2763EE}.Release|x86.ActiveCfg = Release|Any CPU
		{D5824108-4509-441B-A43D-D503CA2763EE}.Release|x86.Build.0 = Release|Any CPU
		{D5824108-4509-441B-A43D-D503CA2763EE}.Release|x86.Deploy.0 = Release|Any CPU
		{40528F71-FFBB-4F9E-AB9E-424F77534CD2}.Ad-Hoc|Any CPU.ActiveCfg = Ad-Hoc|iPhone
		{40528F71-FFBB-4F9E-AB9E-424F77534CD2}.Ad-Hoc|Any CPU.Build.0 = Ad-Hoc|iPhone
		{40528F71-FFBB-4F9E-AB9E-424F77534CD2}.Ad-Hoc|Any CPU.Deploy.0 = Ad-Hoc|iPhone
		{40528F71-FFBB-4F9E-AB9E-424F77534CD2}.Ad-Hoc|ARM.ActiveCfg = Ad-Hoc|iPhone
		{40528F71-FFBB-4F9E-AB9E-424F77534CD2}.Ad-Hoc|ARM.Build.0 = Ad-Hoc|iPhone
		{40528F71-FFBB-4F9E-AB9E-424F77534CD2}.Ad-Hoc|ARM.Deploy.0 = Ad-Hoc|iPhone
		{40528F71-FFBB-4F9E-AB9E-424F77534CD2}.Ad-Hoc|iPhone.ActiveCfg = Ad-Hoc|iPhone
		{40528F71-FFBB-4F9E-AB9E-424F77534CD2}.Ad-Hoc|iPhone.Build.0 = Ad-Hoc|iPhone
		{40528F71-FFBB-4F9E-AB9E-424F77534CD2}.Ad-Hoc|iPhone.Deploy.0 = Ad-Hoc|iPhone
		{40528F71-FFBB-4F9E-AB9E-424F77534CD2}.Ad-Hoc|iPhoneSimulator.ActiveCfg = Ad-Hoc|iPhoneSimulator
		{40528F71-FFBB-4F9E-AB9E-424F77534CD2}.Ad-Hoc|iPhoneSimulator.Build.0 = Ad-Hoc|iPhoneSimulator
		{40528F71-FFBB-4F9E-AB9E-424F77534CD2}.Ad-Hoc|iPhoneSimulator.Deploy.0 = Ad-Hoc|iPhoneSimulator
		{40528F71-FFBB-4F9E-AB9E-424F77534CD2}.Ad-Hoc|x64.ActiveCfg = Ad-Hoc|iPhone
		{40528F71-FFBB-4F9E-AB9E-424F77534CD2}.Ad-Hoc|x64.Build.0 = Ad-Hoc|iPhone
		{40528F71-FFBB-4F9E-AB9E-424F77534CD2}.Ad-Hoc|x64.Deploy.0 = Ad-Hoc|iPhone
		{40528F71-FFBB-4F9E-AB9E-424F77534CD2}.Ad-Hoc|x86.ActiveCfg = Ad-Hoc|iPhone
		{40528F71-FFBB-4F9E-AB9E-424F77534CD2}.Ad-Hoc|x86.Build.0 = Ad-Hoc|iPhone
		{40528F71-FFBB-4F9E-AB9E-424F77534CD2}.Ad-Hoc|x86.Deploy.0 = Ad-Hoc|iPhone
		{40528F71-FFBB-4F9E-AB9E-424F77534CD2}.AppStore|Any CPU.ActiveCfg = AppStore|iPhone
		{40528F71-FFBB-4F9E-AB9E-424F77534CD2}.AppStore|Any CPU.Build.0 = AppStore|iPhone
		{40528F71-FFBB-4F9E-AB9E-424F77534CD2}.AppStore|Any CPU.Deploy.0 = AppStore|iPhone
		{40528F71-FFBB-4F9E-AB9E-424F77534CD2}.AppStore|ARM.ActiveCfg = AppStore|iPhone
		{40528F71-FFBB-4F9E-AB9E-424F77534CD2}.AppStore|ARM.Build.0 = AppStore|iPhone
		{40528F71-FFBB-4F9E-AB9E-424F77534CD2}.AppStore|ARM.Deploy.0 = AppStore|iPhone
		{40528F71-FFBB-4F9E-AB9E-424F77534CD2}.AppStore|iPhone.ActiveCfg = AppStore|iPhone
		{40528F71-FFBB-4F9E-AB9E-424F77534CD2}.AppStore|iPhone.Build.0 = AppStore|iPhone
		{40528F71-FFBB-4F9E-AB9E-424F77534CD2}.AppStore|iPhone.Deploy.0 = AppStore|iPhone
		{40528F71-FFBB-4F9E-AB9E-424F77534CD2}.AppStore|iPhoneSimulator.ActiveCfg = AppStore|iPhoneSimulator
		{40528F71-FFBB-4F9E-AB9E-424F77534CD2}.AppStore|iPhoneSimulator.Build.0 = AppStore|iPhoneSimulator
		{40528F71-FFBB-4F9E-AB9E-424F77534CD2}.AppStore|iPhoneSimulator.Deploy.0 = AppStore|iPhoneSimulator
		{40528F71-FFBB-4F9E-AB9E-424F77534CD2}.AppStore|x64.ActiveCfg = AppStore|iPhone
		{40528F71-FFBB-4F9E-AB9E-424F77534CD2}.AppStore|x64.Build.0 = AppStore|iPhone
		{40528F71-FFBB-4F9E-AB9E-424F77534CD2}.AppStore|x64.Deploy.0 = AppStore|iPhone
		{40528F71-FFBB-4F9E-AB9E-424F77534CD2}.AppStore|x86.ActiveCfg = AppStore|iPhone
		{40528F71-FFBB-4F9E-AB9E-424F77534CD2}.AppStore|x86.Build.0 = AppStore|iPhone
		{40528F71-FFBB-4F9E-AB9E-424F77534CD2}.AppStore|x86.Deploy.0 = AppStore|iPhone
		{40528F71-FFBB-4F9E-AB9E-424F77534CD2}.Debug|Any CPU.ActiveCfg = Debug|iPhoneSimulator
		{40528F71-FFBB-4F9E-AB9E-424F77534CD2}.Debug|Any CPU.Build.0 = Debug|iPhoneSimulator
		{40528F71-FFBB-4F9E-AB9E-424F77534CD2}.Debug|Any CPU.Deploy.0 = Debug|iPhoneSimulator
		{40528F71-FFBB-4F9E-AB9E-424F77534CD2}.Debug|ARM.ActiveCfg = Debug|iPhone
		{40528F71-FFBB-4F9E-AB9E-424F77534CD2}.Debug|ARM.Build.0 = Debug|iPhone
		{40528F71-FFBB-4F9E-AB9E-424F77534CD2}.Debug|ARM.Deploy.0 = Debug|iPhone
		{40528F71-FFBB-4F9E-AB9E-424F77534CD2}.Debug|iPhone.ActiveCfg = Debug|iPhone
		{40528F71-FFBB-4F9E-AB9E-424F77534CD2}.Debug|iPhone.Build.0 = Debug|iPhone
		{40528F71-FFBB-4F9E-AB9E-424F77534CD2}.Debug|iPhone.Deploy.0 = Debug|iPhone
		{40528F71-FFBB-4F9E-AB9E-424F77534CD2}.Debug|iPhoneSimulator.ActiveCfg = Debug|iPhoneSimulator
		{40528F71-FFBB-4F9E-AB9E-424F77534CD2}.Debug|iPhoneSimulator.Build.0 = Debug|iPhoneSimulator
		{40528F71-FFBB-4F9E-AB9E-424F77534CD2}.Debug|iPhoneSimulator.Deploy.0 = Debug|iPhoneSimulator
		{40528F71-FFBB-4F9E-AB9E-424F77534CD2}.Debug|x64.ActiveCfg = Debug|iPhone
		{40528F71-FFBB-4F9E-AB9E-424F77534CD2}.Debug|x64.Build.0 = Debug|iPhone
		{40528F71-FFBB-4F9E-AB9E-424F77534CD2}.Debug|x64.Deploy.0 = Debug|iPhone
		{40528F71-FFBB-4F9E-AB9E-424F77534CD2}.Debug|x86.ActiveCfg = Debug|iPhone
		{40528F71-FFBB-4F9E-AB9E-424F77534CD2}.Debug|x86.Build.0 = Debug|iPhone
		{40528F71-FFBB-4F9E-AB9E-424F77534CD2}.Debug|x86.Deploy.0 = Debug|iPhone
		{40528F71-FFBB-4F9E-AB9E-424F77534CD2}.Release|Any CPU.ActiveCfg = Release|iPhone
		{40528F71-FFBB-4F9E-AB9E-424F77534CD2}.Release|Any CPU.Build.0 = Release|iPhone
		{40528F71-FFBB-4F9E-AB9E-424F77534CD2}.Release|Any CPU.Deploy.0 = Release|iPhone
		{40528F71-FFBB-4F9E-AB9E-424F77534CD2}.Release|ARM.ActiveCfg = Release|iPhone
		{40528F71-FFBB-4F9E-AB9E-424F77534CD2}.Release|ARM.Build.0 = Release|iPhone
		{40528F71-FFBB-4F9E-AB9E-424F77534CD2}.Release|ARM.Deploy.0 = Release|iPhone
		{40528F71-FFBB-4F9E-AB9E-424F77534CD2}.Release|iPhone.ActiveCfg = Release|iPhone
		{40528F71-FFBB-4F9E-AB9E-424F77534CD2}.Release|iPhone.Build.0 = Release|iPhone
		{40528F71-FFBB-4F9E-AB9E-424F77534CD2}.Release|iPhone.Deploy.0 = Release|iPhone
		{40528F71-FFBB-4F9E-AB9E-424F77534CD2}.Release|iPhoneSimulator.ActiveCfg = Release|iPhoneSimulator
		{40528F71-FFBB-4F9E-AB9E-424F77534CD2}.Release|iPhoneSimulator.Build.0 = Release|iPhoneSimulator
		{40528F71-FFBB-4F9E-AB9E-424F77534CD2}.Release|iPhoneSimulator.Deploy.0 = Release|iPhoneSimulator
		{40528F71-FFBB-4F9E-AB9E-424F77534CD2}.Release|x64.ActiveCfg = Release|iPhone
		{40528F71-FFBB-4F9E-AB9E-424F77534CD2}.Release|x64.Build.0 = Release|iPhone
		{40528F71-FFBB-4F9E-AB9E-424F77534CD2}.Release|x64.Deploy.0 = Release|iPhone
		{40528F71-FFBB-4F9E-AB9E-424F77534CD2}.Release|x86.ActiveCfg = Release|iPhone
		{40528F71-FFBB-4F9E-AB9E-424F77534CD2}.Release|x86.Build.0 = Release|iPhone
		{40528F71-FFBB-4F9E-AB9E-424F77534CD2}.Release|x86.Deploy.0 = Release|iPhone
		{0A14D821-68BC-43EC-AB47-2A731862BD55}.Ad-Hoc|Any CPU.ActiveCfg = Release|x86
		{0A14D821-68BC-43EC-AB47-2A731862BD55}.Ad-Hoc|Any CPU.Build.0 = Release|x86
		{0A14D821-68BC-43EC-AB47-2A731862BD55}.Ad-Hoc|Any CPU.Deploy.0 = Release|x86
		{0A14D821-68BC-43EC-AB47-2A731862BD55}.Ad-Hoc|ARM.ActiveCfg = Release|ARM
		{0A14D821-68BC-43EC-AB47-2A731862BD55}.Ad-Hoc|ARM.Build.0 = Release|ARM
		{0A14D821-68BC-43EC-AB47-2A731862BD55}.Ad-Hoc|ARM.Deploy.0 = Release|ARM
		{0A14D821-68BC-43EC-AB47-2A731862BD55}.Ad-Hoc|iPhone.ActiveCfg = Release|x86
		{0A14D821-68BC-43EC-AB47-2A731862BD55}.Ad-Hoc|iPhone.Build.0 = Release|x86
		{0A14D821-68BC-43EC-AB47-2A731862BD55}.Ad-Hoc|iPhone.Deploy.0 = Release|x86
		{0A14D821-68BC-43EC-AB47-2A731862BD55}.Ad-Hoc|iPhoneSimulator.ActiveCfg = Release|x86
		{0A14D821-68BC-43EC-AB47-2A731862BD55}.Ad-Hoc|iPhoneSimulator.Build.0 = Release|x86
		{0A14D821-68BC-43EC-AB47-2A731862BD55}.Ad-Hoc|iPhoneSimulator.Deploy.0 = Release|x86
		{0A14D821-68BC-43EC-AB47-2A731862BD55}.Ad-Hoc|x64.ActiveCfg = Release|x64
		{0A14D821-68BC-43EC-AB47-2A731862BD55}.Ad-Hoc|x64.Build.0 = Release|x64
		{0A14D821-68BC-43EC-AB47-2A731862BD55}.Ad-Hoc|x64.Deploy.0 = Release|x64
		{0A14D821-68BC-43EC-AB47-2A731862BD55}.Ad-Hoc|x86.ActiveCfg = Release|x86
		{0A14D821-68BC-43EC-AB47-2A731862BD55}.Ad-Hoc|x86.Build.0 = Release|x86
		{0A14D821-68BC-43EC-AB47-2A731862BD55}.Ad-Hoc|x86.Deploy.0 = Release|x86
		{0A14D821-68BC-43EC-AB47-2A731862BD55}.AppStore|Any CPU.ActiveCfg = Release|x86
		{0A14D821-68BC-43EC-AB47-2A731862BD55}.AppStore|Any CPU.Build.0 = Release|x86
		{0A14D821-68BC-43EC-AB47-2A731862BD55}.AppStore|Any CPU.Deploy.0 = Release|x86
		{0A14D821-68BC-43EC-AB47-2A731862BD55}.AppStore|ARM.ActiveCfg = Release|ARM
		{0A14D821-68BC-43EC-AB47-2A731862BD55}.AppStore|ARM.Build.0 = Release|ARM
		{0A14D821-68BC-43EC-AB47-2A731862BD55}.AppStore|ARM.Deploy.0 = Release|ARM
		{0A14D821-68BC-43EC-AB47-2A731862BD55}.AppStore|iPhone.ActiveCfg = Release|x86
		{0A14D821-68BC-43EC-AB47-2A731862BD55}.AppStore|iPhone.Build.0 = Release|x86
		{0A14D821-68BC-43EC-AB47-2A731862BD55}.AppStore|iPhone.Deploy.0 = Release|x86
		{0A14D821-68BC-43EC-AB47-2A731862BD55}.AppStore|iPhoneSimulator.ActiveCfg = Release|x86
		{0A14D821-68BC-43EC-AB47-2A731862BD55}.AppStore|iPhoneSimulator.Build.0 = Release|x86
		{0A14D821-68BC-43EC-AB47-2A731862BD55}.AppStore|iPhoneSimulator.Deploy.0 = Release|x86
		{0A14D821-68BC-43EC-AB47-2A731862BD55}.AppStore|x64.ActiveCfg = Release|x64
		{0A14D821-68BC-43EC-AB47-2A731862BD55}.AppStore|x64.Build.0 = Release|x64
		{0A14D821-68BC-43EC-AB47-2A731862BD55}.AppStore|x64.Deploy.0 = Release|x64
		{0A14D821-68BC-43EC-AB47-2A731862BD55}.AppStore|x86.ActiveCfg = Release|x86
		{0A14D821-68BC-43EC-AB47-2A731862BD55}.AppStore|x86.Build.0 = Release|x86
		{0A14D821-68BC-43EC-AB47-2A731862BD55}.AppStore|x86.Deploy.0 = Release|x86
		{0A14D821-68BC-43EC-AB47-2A731862BD55}.Debug|Any CPU.ActiveCfg = Debug|x86
		{0A14D821-68BC-43EC-AB47-2A731862BD55}.Debug|Any CPU.Build.0 = Debug|x86
		{0A14D821-68BC-43EC-AB47-2A731862BD55}.Debug|Any CPU.Deploy.0 = Debug|x86
		{0A14D821-68BC-43EC-AB47-2A731862BD55}.Debug|ARM.ActiveCfg = Debug|ARM
		{0A14D821-68BC-43EC-AB47-2A731862BD55}.Debug|ARM.Build.0 = Debug|ARM
		{0A14D821-68BC-43EC-AB47-2A731862BD55}.Debug|ARM.Deploy.0 = Debug|ARM
		{0A14D821-68BC-43EC-AB47-2A731862BD55}.Debug|iPhone.ActiveCfg = Debug|x86
		{0A14D821-68BC-43EC-AB47-2A731862BD55}.Debug|iPhone.Build.0 = Debug|x86
		{0A14D821-68BC-43EC-AB47-2A731862BD55}.Debug|iPhone.Deploy.0 = Debug|x86
		{0A14D821-68BC-43EC-AB47-2A731862BD55}.Debug|iPhoneSimulator.ActiveCfg = Debug|x86
		{0A14D821-68BC-43EC-AB47-2A731862BD55}.Debug|iPhoneSimulator.Build.0 = Debug|x86
		{0A14D821-68BC-43EC-AB47-2A731862BD55}.Debug|iPhoneSimulator.Deploy.0 = Debug|x86
		{0A14D821-68BC-43EC-AB47-2A731862BD55}.Debug|x64.ActiveCfg = Debug|x64
		{0A14D821-68BC-43EC-AB47-2A731862BD55}.Debug|x64.Build.0 = Debug|x64
		{0A14D821-68BC-43EC-AB47-2A731862BD55}.Debug|x64.Deploy.0 = Debug|x64
		{0A14D821-68BC-43EC-AB47-2A731862BD55}.Debug|x86.ActiveCfg = Debug|x86
		{0A14D821-68BC-43EC-AB47-2A731862BD55}.Debug|x86.Build.0 = Debug|x86
		{0A14D821-68BC-43EC-AB47-2A731862BD55}.Debug|x86.Deploy.0 = Debug|x86
		{0A14D821-68BC-43EC-AB47-2A731862BD55}.Release|Any CPU.ActiveCfg = Release|x86
		{0A14D821-68BC-43EC-AB47-2A731862BD55}.Release|Any CPU.Build.0 = Release|x86
		{0A14D821-68BC-43EC-AB47-2A731862BD55}.Release|Any CPU.Deploy.0 = Release|x86
		{0A14D821-68BC-43EC-AB47-2A731862BD55}.Release|ARM.ActiveCfg = Release|ARM
		{0A14D821-68BC-43EC-AB47-2A731862BD55}.Release|ARM.Build.0 = Release|ARM
		{0A14D821-68BC-43EC-AB47-2A731862BD55}.Release|ARM.Deploy.0 = Release|ARM
		{0A14D821-68BC-43EC-AB47-2A731862BD55}.Release|iPhone.ActiveCfg = Release|x86
		{0A14D821-68BC-43EC-AB47-2A731862BD55}.Release|iPhone.Build.0 = Release|x86
		{0A14D821-68BC-43EC-AB47-2A731862BD55}.Release|iPhone.Deploy.0 = Release|x86
		{0A14D821-68BC-43EC-AB47-2A731862BD55}.Release|iPhoneSimulator.ActiveCfg = Release|x86
		{0A14D821-68BC-43EC-AB47-2A731862BD55}.Release|iPhoneSimulator.Build.0 = Release|x86
		{0A14D821-68BC-43EC-AB47-2A731862BD55}.Release|iPhoneSimulator.Deploy.0 = Release|x86
		{0A14D821-68BC-43EC-AB47-2A731862BD55}.Release|x64.ActiveCfg = Release|x64
		{0A14D821-68BC-43EC-AB47-2A731862BD55}.Release|x64.Build.0 = Release|x64
		{0A14D821-68BC-43EC-AB47-2A731862BD55}.Release|x64.Deploy.0 = Release|x64
		{0A14D821-68BC-43EC-AB47-2A731862BD55}.Release|x86.ActiveCfg = Release|x86
		{0A14D821-68BC-43EC-AB47-2A731862BD55}.Release|x86.Build.0 = Release|x86
		{0A14D821-68BC-43EC-AB47-2A731862BD55}.Release|x86.Deploy.0 = Release|x86
		{3011E611-FA2A-4971-A5DD-B61D7D4AF30D}.Ad-Hoc|Any CPU.ActiveCfg = Debug|Any CPU
		{3011E611-FA2A-4971-A5DD-B61D7D4AF30D}.Ad-Hoc|Any CPU.Build.0 = Debug|Any CPU
		{3011E611-FA2A-4971-A5DD-B61D7D4AF30D}.Ad-Hoc|Any CPU.Deploy.0 = Debug|Any CPU
		{3011E611-FA2A-4971-A5DD-B61D7D4AF30D}.Ad-Hoc|ARM.ActiveCfg = Debug|Any CPU
		{3011E611-FA2A-4971-A5DD-B61D7D4AF30D}.Ad-Hoc|ARM.Build.0 = Debug|Any CPU
		{3011E611-FA2A-4971-A5DD-B61D7D4AF30D}.Ad-Hoc|ARM.Deploy.0 = Debug|Any CPU
		{3011E611-FA2A-4971-A5DD-B61D7D4AF30D}.Ad-Hoc|iPhone.ActiveCfg = Debug|Any CPU
		{3011E611-FA2A-4971-A5DD-B61D7D4AF30D}.Ad-Hoc|iPhone.Build.0 = Debug|Any CPU
		{3011E611-FA2A-4971-A5DD-B61D7D4AF30D}.Ad-Hoc|iPhone.Deploy.0 = Debug|Any CPU
		{3011E611-FA2A-4971-A5DD-B61D7D4AF30D}.Ad-Hoc|iPhoneSimulator.ActiveCfg = Debug|Any CPU
		{3011E611-FA2A-4971-A5DD-B61D7D4AF30D}.Ad-Hoc|iPhoneSimulator.Build.0 = Debug|Any CPU
		{3011E611-FA2A-4971-A5DD-B61D7D4AF30D}.Ad-Hoc|iPhoneSimulator.Deploy.0 = Debug|Any CPU
		{3011E611-FA2A-4971-A5DD-B61D7D4AF30D}.Ad-Hoc|x64.ActiveCfg = Debug|Any CPU
		{3011E611-FA2A-4971-A5DD-B61D7D4AF30D}.Ad-Hoc|x64.Build.0 = Debug|Any CPU
		{3011E611-FA2A-4971-A5DD-B61D7D4AF30D}.Ad-Hoc|x64.Deploy.0 = Debug|Any CPU
		{3011E611-FA2A-4971-A5DD-B61D7D4AF30D}.Ad-Hoc|x86.ActiveCfg = Debug|Any CPU
		{3011E611-FA2A-4971-A5DD-B61D7D4AF30D}.Ad-Hoc|x86.Build.0 = Debug|Any CPU
		{3011E611-FA2A-4971-A5DD-B61D7D4AF30D}.Ad-Hoc|x86.Deploy.0 = Debug|Any CPU
		{3011E611-FA2A-4971-A5DD-B61D7D4AF30D}.AppStore|Any CPU.ActiveCfg = Debug|Any CPU
		{3011E611-FA2A-4971-A5DD-B61D7D4AF30D}.AppStore|Any CPU.Build.0 = Debug|Any CPU
		{3011E611-FA2A-4971-A5DD-B61D7D4AF30D}.AppStore|Any CPU.Deploy.0 = Debug|Any CPU
		{3011E611-FA2A-4971-A5DD-B61D7D4AF30D}.AppStore|ARM.ActiveCfg = Debug|Any CPU
		{3011E611-FA2A-4971-A5DD-B61D7D4AF30D}.AppStore|ARM.Build.0 = Debug|Any CPU
		{3011E611-FA2A-4971-A5DD-B61D7D4AF30D}.AppStore|ARM.Deploy.0 = Debug|Any CPU
		{3011E611-FA2A-4971-A5DD-B61D7D4AF30D}.AppStore|iPhone.ActiveCfg = Debug|Any CPU
		{3011E611-FA2A-4971-A5DD-B61D7D4AF30D}.AppStore|iPhone.Build.0 = Debug|Any CPU
		{3011E611-FA2A-4971-A5DD-B61D7D4AF30D}.AppStore|iPhone.Deploy.0 = Debug|Any CPU
		{3011E611-FA2A-4971-A5DD-B61D7D4AF30D}.AppStore|iPhoneSimulator.ActiveCfg = Debug|Any CPU
		{3011E611-FA2A-4971-A5DD-B61D7D4AF30D}.AppStore|iPhoneSimulator.Build.0 = Debug|Any CPU
		{3011E611-FA2A-4971-A5DD-B61D7D4AF30D}.AppStore|iPhoneSimulator.Deploy.0 = Debug|Any CPU
		{3011E611-FA2A-4971-A5DD-B61D7D4AF30D}.AppStore|x64.ActiveCfg = Debug|Any CPU
		{3011E611-FA2A-4971-A5DD-B61D7D4AF30D}.AppStore|x64.Build.0 = Debug|Any CPU
		{3011E611-FA2A-4971-A5DD-B61D7D4AF30D}.AppStore|x64.Deploy.0 = Debug|Any CPU
		{3011E611-FA2A-4971-A5DD-B61D7D4AF30D}.AppStore|x86.ActiveCfg = Debug|Any CPU
		{3011E611-FA2A-4971-A5DD-B61D7D4AF30D}.AppStore|x86.Build.0 = Debug|Any CPU
		{3011E611-FA2A-4971-A5DD-B61D7D4AF30D}.AppStore|x86.Deploy.0 = Debug|Any CPU
		{3011E611-FA2A-4971-A5DD-B61D7D4AF30D}.Debug|Any CPU.ActiveCfg = Debug|Any CPU
		{3011E611-FA2A-4971-A5DD-B61D7D4AF30D}.Debug|Any CPU.Build.0 = Debug|Any CPU
		{3011E611-FA2A-4971-A5DD-B61D7D4AF30D}.Debug|Any CPU.Deploy.0 = Debug|Any CPU
		{3011E611-FA2A-4971-A5DD-B61D7D4AF30D}.Debug|ARM.ActiveCfg = Debug|Any CPU
		{3011E611-FA2A-4971-A5DD-B61D7D4AF30D}.Debug|ARM.Build.0 = Debug|Any CPU
		{3011E611-FA2A-4971-A5DD-B61D7D4AF30D}.Debug|ARM.Deploy.0 = Debug|Any CPU
		{3011E611-FA2A-4971-A5DD-B61D7D4AF30D}.Debug|iPhone.ActiveCfg = Debug|Any CPU
		{3011E611-FA2A-4971-A5DD-B61D7D4AF30D}.Debug|iPhone.Build.0 = Debug|Any CPU
		{3011E611-FA2A-4971-A5DD-B61D7D4AF30D}.Debug|iPhone.Deploy.0 = Debug|Any CPU
		{3011E611-FA2A-4971-A5DD-B61D7D4AF30D}.Debug|iPhoneSimulator.ActiveCfg = Debug|Any CPU
		{3011E611-FA2A-4971-A5DD-B61D7D4AF30D}.Debug|iPhoneSimulator.Build.0 = Debug|Any CPU
		{3011E611-FA2A-4971-A5DD-B61D7D4AF30D}.Debug|iPhoneSimulator.Deploy.0 = Debug|Any CPU
		{3011E611-FA2A-4971-A5DD-B61D7D4AF30D}.Debug|x64.ActiveCfg = Debug|Any CPU
		{3011E611-FA2A-4971-A5DD-B61D7D4AF30D}.Debug|x64.Build.0 = Debug|Any CPU
		{3011E611-FA2A-4971-A5DD-B61D7D4AF30D}.Debug|x64.Deploy.0 = Debug|Any CPU
		{3011E611-FA2A-4971-A5DD-B61D7D4AF30D}.Debug|x86.ActiveCfg = Debug|Any CPU
		{3011E611-FA2A-4971-A5DD-B61D7D4AF30D}.Debug|x86.Build.0 = Debug|Any CPU
		{3011E611-FA2A-4971-A5DD-B61D7D4AF30D}.Debug|x86.Deploy.0 = Debug|Any CPU
		{3011E611-FA2A-4971-A5DD-B61D7D4AF30D}.Release|Any CPU.ActiveCfg = Release|Any CPU
		{3011E611-FA2A-4971-A5DD-B61D7D4AF30D}.Release|Any CPU.Build.0 = Release|Any CPU
		{3011E611-FA2A-4971-A5DD-B61D7D4AF30D}.Release|Any CPU.Deploy.0 = Release|Any CPU
		{3011E611-FA2A-4971-A5DD-B61D7D4AF30D}.Release|ARM.ActiveCfg = Release|Any CPU
		{3011E611-FA2A-4971-A5DD-B61D7D4AF30D}.Release|ARM.Build.0 = Release|Any CPU
		{3011E611-FA2A-4971-A5DD-B61D7D4AF30D}.Release|ARM.Deploy.0 = Release|Any CPU
		{3011E611-FA2A-4971-A5DD-B61D7D4AF30D}.Release|iPhone.ActiveCfg = Release|Any CPU
		{3011E611-FA2A-4971-A5DD-B61D7D4AF30D}.Release|iPhone.Build.0 = Release|Any CPU
		{3011E611-FA2A-4971-A5DD-B61D7D4AF30D}.Release|iPhone.Deploy.0 = Release|Any CPU
		{3011E611-FA2A-4971-A5DD-B61D7D4AF30D}.Release|iPhoneSimulator.ActiveCfg = Release|Any CPU
		{3011E611-FA2A-4971-A5DD-B61D7D4AF30D}.Release|iPhoneSimulator.Build.0 = Release|Any CPU
		{3011E611-FA2A-4971-A5DD-B61D7D4AF30D}.Release|iPhoneSimulator.Deploy.0 = Release|Any CPU
		{3011E611-FA2A-4971-A5DD-B61D7D4AF30D}.Release|x64.ActiveCfg = Release|Any CPU
		{3011E611-FA2A-4971-A5DD-B61D7D4AF30D}.Release|x64.Build.0 = Release|Any CPU
		{3011E611-FA2A-4971-A5DD-B61D7D4AF30D}.Release|x64.Deploy.0 = Release|Any CPU
		{3011E611-FA2A-4971-A5DD-B61D7D4AF30D}.Release|x86.ActiveCfg = Release|Any CPU
		{3011E611-FA2A-4971-A5DD-B61D7D4AF30D}.Release|x86.Build.0 = Release|Any CPU
		{3011E611-FA2A-4971-A5DD-B61D7D4AF30D}.Release|x86.Deploy.0 = Release|Any CPU
	EndGlobalSection
	GlobalSection(SolutionProperties) = preSolution
		HideSolutionNode = FALSE
	EndGlobalSection
	GlobalSection(ExtensibilityGlobals) = postSolution
		SolutionGuid = {72BE9E9A-FEE3-44B0-9BD3-BBAE24B1E2E7}
	EndGlobalSection
EndGlobal
